// !$*UTF8*$!
{
	archiveVersion = 1;
	classes = {
	};
	objectVersion = 46;
	objects = {

/* Begin PBXBuildFile section */
		2A1D4AC21907411700851246 /* OpenGL.framework in Frameworks */ = {isa = PBXBuildFile; fileRef = 2A1D4AC11907411700851246 /* OpenGL.framework */; };
		2A1D4AC419143DDF00851246 /* thread.m in Sources */ = {isa = PBXBuildFile; fileRef = 2A1D4AC319143DDF00851246 /* thread.m */; };
		2A1D4AC71914566B00851246 /* GLKApplication.m in Sources */ = {isa = PBXBuildFile; fileRef = 2A1D4AC61914566B00851246 /* GLKApplication.m */; };
		2A1D4ACA1914592600851246 /* GLKApplicationDelegate.m in Sources */ = {isa = PBXBuildFile; fileRef = 2A1D4AC91914592600851246 /* GLKApplicationDelegate.m */; };
		2A1D4ACD19145BF600851246 /* GLKWindowDelegate.m in Sources */ = {isa = PBXBuildFile; fileRef = 2A1D4ACC19145BF600851246 /* GLKWindowDelegate.m */; };
		2A1D4AD319145F9000851246 /* GLKCocoaWindow.m in Sources */ = {isa = PBXBuildFile; fileRef = 2A1D4AD219145F9000851246 /* GLKCocoaWindow.m */; };
		2A76D3BB1901C0B60027E2A0 /* InfoPlist.strings in Resources */ = {isa = PBXBuildFile; fileRef = 2A76D3B91901C0B60027E2A0 /* InfoPlist.strings */; };
		2A76D3BD1901C0B60027E2A0 /* main.m in Sources */ = {isa = PBXBuildFile; fileRef = 2A76D3BC1901C0B60027E2A0 /* main.m */; };
		2A76D3C11901C0B60027E2A0 /* Credits.rtf in Resources */ = {isa = PBXBuildFile; fileRef = 2A76D3BF1901C0B60027E2A0 /* Credits.rtf */; };
		2A76D3C91901C0B60027E2A0 /* Images.xcassets in Resources */ = {isa = PBXBuildFile; fileRef = 2A76D3C81901C0B60027E2A0 /* Images.xcassets */; };
		2A76D3D01901C0B60027E2A0 /* XCTest.framework in Frameworks */ = {isa = PBXBuildFile; fileRef = 2A76D3CF1901C0B60027E2A0 /* XCTest.framework */; };
		2A76D3D11901C0B60027E2A0 /* Cocoa.framework in Frameworks */ = {isa = PBXBuildFile; fileRef = 2A76D3B01901C0B60027E2A0 /* Cocoa.framework */; };
		2A76D3D91901C0B60027E2A0 /* InfoPlist.strings in Resources */ = {isa = PBXBuildFile; fileRef = 2A76D3D71901C0B60027E2A0 /* InfoPlist.strings */; };
		2A76D3E91901C72C0027E2A0 /* glkit.m in Sources */ = {isa = PBXBuildFile; fileRef = 2A76D3E81901C72C0027E2A0 /* glkit.m */; };
		2A76D3EF1906F4C30027E2A0 /* GLKView.m in Sources */ = {isa = PBXBuildFile; fileRef = 2A76D3EE1906F4C30027E2A0 /* GLKView.m */; };
		2A76D3F1190735700027E2A0 /* timer.m in Sources */ = {isa = PBXBuildFile; fileRef = 2A76D3F0190735700027E2A0 /* timer.m */; };
		2A76D3F419073C320027E2A0 /* Cocoa.framework in Frameworks */ = {isa = PBXBuildFile; fileRef = 2A76D3B01901C0B60027E2A0 /* Cocoa.framework */; };
		2A76D3F519073C390027E2A0 /* Foundation.framework in Frameworks */ = {isa = PBXBuildFile; fileRef = 2A76D3B51901C0B60027E2A0 /* Foundation.framework */; };
/* End PBXBuildFile section */

/* Begin PBXContainerItemProxy section */
		2A76D3D21901C0B60027E2A0 /* PBXContainerItemProxy */ = {
			isa = PBXContainerItemProxy;
			containerPortal = 2A76D3A51901C0B60027E2A0 /* Project object */;
			proxyType = 1;
			remoteGlobalIDString = 2A76D3AC1901C0B60027E2A0;
			remoteInfo = "glkit-cocoa";
		};
/* End PBXContainerItemProxy section */

/* Begin PBXFileReference section */
		2A1D4AC11907411700851246 /* OpenGL.framework */ = {isa = PBXFileReference; lastKnownFileType = wrapper.framework; name = OpenGL.framework; path = System/Library/Frameworks/OpenGL.framework; sourceTree = SDKROOT; };
		2A1D4AC319143DDF00851246 /* thread.m */ = {isa = PBXFileReference; fileEncoding = 4; lastKnownFileType = sourcecode.c.objc; path = thread.m; sourceTree = "<group>"; };
		2A1D4AC51914566B00851246 /* GLKApplication.h */ = {isa = PBXFileReference; fileEncoding = 4; lastKnownFileType = sourcecode.c.h; path = GLKApplication.h; sourceTree = "<group>"; };
		2A1D4AC61914566B00851246 /* GLKApplication.m */ = {isa = PBXFileReference; fileEncoding = 4; lastKnownFileType = sourcecode.c.objc; path = GLKApplication.m; sourceTree = "<group>"; };
		2A1D4AC81914592600851246 /* GLKApplicationDelegate.h */ = {isa = PBXFileReference; fileEncoding = 4; lastKnownFileType = sourcecode.c.h; path = GLKApplicationDelegate.h; sourceTree = "<group>"; };
		2A1D4AC91914592600851246 /* GLKApplicationDelegate.m */ = {isa = PBXFileReference; fileEncoding = 4; lastKnownFileType = sourcecode.c.objc; path = GLKApplicationDelegate.m; sourceTree = "<group>"; };
		2A1D4ACB19145BF600851246 /* GLKWindowDelegate.h */ = {isa = PBXFileReference; fileEncoding = 4; lastKnownFileType = sourcecode.c.h; path = GLKWindowDelegate.h; sourceTree = "<group>"; };
		2A1D4ACC19145BF600851246 /* GLKWindowDelegate.m */ = {isa = PBXFileReference; fileEncoding = 4; lastKnownFileType = sourcecode.c.objc; path = GLKWindowDelegate.m; sourceTree = "<group>"; };
		2A1D4AD119145F9000851246 /* GLKCocoaWindow.h */ = {isa = PBXFileReference; fileEncoding = 4; lastKnownFileType = sourcecode.c.h; path = GLKCocoaWindow.h; sourceTree = "<group>"; };
		2A1D4AD219145F9000851246 /* GLKCocoaWindow.m */ = {isa = PBXFileReference; fileEncoding = 4; lastKnownFileType = sourcecode.c.objc; path = GLKCocoaWindow.m; sourceTree = "<group>"; };
		2A76D3AD1901C0B60027E2A0 /* glkit-cocoa.app */ = {isa = PBXFileReference; explicitFileType = wrapper.application; includeInIndex = 0; path = "glkit-cocoa.app"; sourceTree = BUILT_PRODUCTS_DIR; };
		2A76D3B01901C0B60027E2A0 /* Cocoa.framework */ = {isa = PBXFileReference; lastKnownFileType = wrapper.framework; name = Cocoa.framework; path = System/Library/Frameworks/Cocoa.framework; sourceTree = SDKROOT; };
		2A76D3B31901C0B60027E2A0 /* AppKit.framework */ = {isa = PBXFileReference; lastKnownFileType = wrapper.framework; name = AppKit.framework; path = System/Library/Frameworks/AppKit.framework; sourceTree = SDKROOT; };
		2A76D3B41901C0B60027E2A0 /* CoreData.framework */ = {isa = PBXFileReference; lastKnownFileType = wrapper.framework; name = CoreData.framework; path = System/Library/Frameworks/CoreData.framework; sourceTree = SDKROOT; };
		2A76D3B51901C0B60027E2A0 /* Foundation.framework */ = {isa = PBXFileReference; lastKnownFileType = wrapper.framework; name = Foundation.framework; path = System/Library/Frameworks/Foundation.framework; sourceTree = SDKROOT; };
		2A76D3B81901C0B60027E2A0 /* glkit-cocoa-Info.plist */ = {isa = PBXFileReference; lastKnownFileType = text.plist.xml; path = "glkit-cocoa-Info.plist"; sourceTree = "<group>"; };
		2A76D3BA1901C0B60027E2A0 /* en */ = {isa = PBXFileReference; lastKnownFileType = text.plist.strings; name = en; path = en.lproj/InfoPlist.strings; sourceTree = "<group>"; };
		2A76D3BC1901C0B60027E2A0 /* main.m */ = {isa = PBXFileReference; lastKnownFileType = sourcecode.c.objc; path = main.m; sourceTree = "<group>"; };
		2A76D3BE1901C0B60027E2A0 /* glkit-cocoa-Prefix.pch */ = {isa = PBXFileReference; lastKnownFileType = sourcecode.c.h; path = "glkit-cocoa-Prefix.pch"; sourceTree = "<group>"; };
		2A76D3C01901C0B60027E2A0 /* en */ = {isa = PBXFileReference; lastKnownFileType = text.rtf; name = en; path = en.lproj/Credits.rtf; sourceTree = "<group>"; };
		2A76D3C81901C0B60027E2A0 /* Images.xcassets */ = {isa = PBXFileReference; lastKnownFileType = folder.assetcatalog; path = Images.xcassets; sourceTree = "<group>"; };
		2A76D3CE1901C0B60027E2A0 /* glkit-cocoaTests.xctest */ = {isa = PBXFileReference; explicitFileType = wrapper.cfbundle; includeInIndex = 0; path = "glkit-cocoaTests.xctest"; sourceTree = BUILT_PRODUCTS_DIR; };
		2A76D3CF1901C0B60027E2A0 /* XCTest.framework */ = {isa = PBXFileReference; lastKnownFileType = wrapper.framework; name = XCTest.framework; path = Library/Frameworks/XCTest.framework; sourceTree = DEVELOPER_DIR; };
		2A76D3D61901C0B60027E2A0 /* glkit-cocoaTests-Info.plist */ = {isa = PBXFileReference; lastKnownFileType = text.plist.xml; path = "glkit-cocoaTests-Info.plist"; sourceTree = "<group>"; };
		2A76D3D81901C0B60027E2A0 /* en */ = {isa = PBXFileReference; lastKnownFileType = text.plist.strings; name = en; path = en.lproj/InfoPlist.strings; sourceTree = "<group>"; };
		2A76D3E71901C1380027E2A0 /* glkit.h */ = {isa = PBXFileReference; lastKnownFileType = sourcecode.c.h; path = glkit.h; sourceTree = "<group>"; };
		2A76D3E81901C72C0027E2A0 /* glkit.m */ = {isa = PBXFileReference; fileEncoding = 4; lastKnownFileType = sourcecode.c.objc; path = glkit.m; sourceTree = "<group>"; };
		2A76D3ED1906F4C30027E2A0 /* GLKView.h */ = {isa = PBXFileReference; fileEncoding = 4; lastKnownFileType = sourcecode.c.h; path = GLKView.h; sourceTree = "<group>"; };
		2A76D3EE1906F4C30027E2A0 /* GLKView.m */ = {isa = PBXFileReference; fileEncoding = 4; lastKnownFileType = sourcecode.c.objc; path = GLKView.m; sourceTree = "<group>"; };
		2A76D3F0190735700027E2A0 /* timer.m */ = {isa = PBXFileReference; fileEncoding = 4; lastKnownFileType = sourcecode.c.objc; path = timer.m; sourceTree = "<group>"; };
/* End PBXFileReference section */

/* Begin PBXFrameworksBuildPhase section */
		2A76D3AA1901C0B60027E2A0 /* Frameworks */ = {
			isa = PBXFrameworksBuildPhase;
			buildActionMask = 2147483647;
			files = (
				2A1D4AC21907411700851246 /* OpenGL.framework in Frameworks */,
				2A76D3F519073C390027E2A0 /* Foundation.framework in Frameworks */,
				2A76D3F419073C320027E2A0 /* Cocoa.framework in Frameworks */,
			);
			runOnlyForDeploymentPostprocessing = 0;
		};
		2A76D3CB1901C0B60027E2A0 /* Frameworks */ = {
			isa = PBXFrameworksBuildPhase;
			buildActionMask = 2147483647;
			files = (
				2A76D3D11901C0B60027E2A0 /* Cocoa.framework in Frameworks */,
				2A76D3D01901C0B60027E2A0 /* XCTest.framework in Frameworks */,
			);
			runOnlyForDeploymentPostprocessing = 0;
		};
/* End PBXFrameworksBuildPhase section */

/* Begin PBXGroup section */
		2A76D3A41901C0B60027E2A0 = {
			isa = PBXGroup;
			children = (
				2A1D4AD119145F9000851246 /* GLKCocoaWindow.h */,
				2A1D4AD219145F9000851246 /* GLKCocoaWindow.m */,
				2A1D4ACB19145BF600851246 /* GLKWindowDelegate.h */,
				2A1D4ACC19145BF600851246 /* GLKWindowDelegate.m */,
				2A1D4AC81914592600851246 /* GLKApplicationDelegate.h */,
				2A1D4AC91914592600851246 /* GLKApplicationDelegate.m */,
				2A1D4AC51914566B00851246 /* GLKApplication.h */,
				2A1D4AC61914566B00851246 /* GLKApplication.m */,
				2A1D4AC319143DDF00851246 /* thread.m */,
				2A76D3F0190735700027E2A0 /* timer.m */,
				2A76D3ED1906F4C30027E2A0 /* GLKView.h */,
				2A76D3EE1906F4C30027E2A0 /* GLKView.m */,
				2A76D3E81901C72C0027E2A0 /* glkit.m */,
				2A76D3E71901C1380027E2A0 /* glkit.h */,
				2A76D3B61901C0B60027E2A0 /* glkit-cocoa */,
				2A76D3D41901C0B60027E2A0 /* glkit-cocoaTests */,
				2A76D3AF1901C0B60027E2A0 /* Frameworks */,
				2A76D3AE1901C0B60027E2A0 /* Products */,
			);
			sourceTree = "<group>";
		};
		2A76D3AE1901C0B60027E2A0 /* Products */ = {
			isa = PBXGroup;
			children = (
				2A76D3AD1901C0B60027E2A0 /* glkit-cocoa.app */,
				2A76D3CE1901C0B60027E2A0 /* glkit-cocoaTests.xctest */,
			);
			name = Products;
			sourceTree = "<group>";
		};
		2A76D3AF1901C0B60027E2A0 /* Frameworks */ = {
			isa = PBXGroup;
			children = (
				2A1D4AC11907411700851246 /* OpenGL.framework */,
				2A76D3B01901C0B60027E2A0 /* Cocoa.framework */,
				2A76D3CF1901C0B60027E2A0 /* XCTest.framework */,
				2A76D3B21901C0B60027E2A0 /* Other Frameworks */,
			);
			name = Frameworks;
			sourceTree = "<group>";
		};
		2A76D3B21901C0B60027E2A0 /* Other Frameworks */ = {
			isa = PBXGroup;
			children = (
				2A76D3B31901C0B60027E2A0 /* AppKit.framework */,
				2A76D3B41901C0B60027E2A0 /* CoreData.framework */,
				2A76D3B51901C0B60027E2A0 /* Foundation.framework */,
			);
			name = "Other Frameworks";
			sourceTree = "<group>";
		};
		2A76D3B61901C0B60027E2A0 /* glkit-cocoa */ = {
			isa = PBXGroup;
			children = (
				2A76D3C81901C0B60027E2A0 /* Images.xcassets */,
				2A76D3B71901C0B60027E2A0 /* Supporting Files */,
			);
			path = "glkit-cocoa";
			sourceTree = "<group>";
		};
		2A76D3B71901C0B60027E2A0 /* Supporting Files */ = {
			isa = PBXGroup;
			children = (
				2A76D3B81901C0B60027E2A0 /* glkit-cocoa-Info.plist */,
				2A76D3B91901C0B60027E2A0 /* InfoPlist.strings */,
				2A76D3BC1901C0B60027E2A0 /* main.m */,
				2A76D3BE1901C0B60027E2A0 /* glkit-cocoa-Prefix.pch */,
				2A76D3BF1901C0B60027E2A0 /* Credits.rtf */,
			);
			name = "Supporting Files";
			sourceTree = "<group>";
		};
		2A76D3D41901C0B60027E2A0 /* glkit-cocoaTests */ = {
			isa = PBXGroup;
			children = (
				2A76D3D51901C0B60027E2A0 /* Supporting Files */,
			);
			path = "glkit-cocoaTests";
			sourceTree = "<group>";
		};
		2A76D3D51901C0B60027E2A0 /* Supporting Files */ = {
			isa = PBXGroup;
			children = (
				2A76D3D61901C0B60027E2A0 /* glkit-cocoaTests-Info.plist */,
				2A76D3D71901C0B60027E2A0 /* InfoPlist.strings */,
			);
			name = "Supporting Files";
			sourceTree = "<group>";
		};
/* End PBXGroup section */

/* Begin PBXNativeTarget section */
		2A76D3AC1901C0B60027E2A0 /* glkit-cocoa */ = {
			isa = PBXNativeTarget;
			buildConfigurationList = 2A76D3DE1901C0B60027E2A0 /* Build configuration list for PBXNativeTarget "glkit-cocoa" */;
			buildPhases = (
				2A76D3A91901C0B60027E2A0 /* Sources */,
				2A76D3AA1901C0B60027E2A0 /* Frameworks */,
				2A76D3AB1901C0B60027E2A0 /* Resources */,
			);
			buildRules = (
			);
			dependencies = (
			);
			name = "glkit-cocoa";
			productName = "glkit-cocoa";
			productReference = 2A76D3AD1901C0B60027E2A0 /* glkit-cocoa.app */;
			productType = "com.apple.product-type.application";
		};
		2A76D3CD1901C0B60027E2A0 /* glkit-cocoaTests */ = {
			isa = PBXNativeTarget;
			buildConfigurationList = 2A76D3E11901C0B60027E2A0 /* Build configuration list for PBXNativeTarget "glkit-cocoaTests" */;
			buildPhases = (
				2A76D3CA1901C0B60027E2A0 /* Sources */,
				2A76D3CB1901C0B60027E2A0 /* Frameworks */,
				2A76D3CC1901C0B60027E2A0 /* Resources */,
			);
			buildRules = (
			);
			dependencies = (
				2A76D3D31901C0B60027E2A0 /* PBXTargetDependency */,
			);
			name = "glkit-cocoaTests";
			productName = "glkit-cocoaTests";
			productReference = 2A76D3CE1901C0B60027E2A0 /* glkit-cocoaTests.xctest */;
			productType = "com.apple.product-type.bundle.unit-test";
		};
/* End PBXNativeTarget section */

/* Begin PBXProject section */
		2A76D3A51901C0B60027E2A0 /* Project object */ = {
			isa = PBXProject;
			attributes = {
				CLASSPREFIX = GLK;
				LastUpgradeCheck = 0510;
				ORGANIZATIONNAME = "Aguilar, Juan Carlos";
				TargetAttributes = {
					2A76D3CD1901C0B60027E2A0 = {
						TestTargetID = 2A76D3AC1901C0B60027E2A0;
					};
				};
			};
			buildConfigurationList = 2A76D3A81901C0B60027E2A0 /* Build configuration list for PBXProject "glkit-cocoa" */;
			compatibilityVersion = "Xcode 3.2";
			developmentRegion = English;
			hasScannedForEncodings = 0;
			knownRegions = (
				en,
				Base,
			);
			mainGroup = 2A76D3A41901C0B60027E2A0;
			productRefGroup = 2A76D3AE1901C0B60027E2A0 /* Products */;
			projectDirPath = "";
			projectRoot = "";
			targets = (
				2A76D3AC1901C0B60027E2A0 /* glkit-cocoa */,
				2A76D3CD1901C0B60027E2A0 /* glkit-cocoaTests */,
			);
		};
/* End PBXProject section */

/* Begin PBXResourcesBuildPhase section */
		2A76D3AB1901C0B60027E2A0 /* Resources */ = {
			isa = PBXResourcesBuildPhase;
			buildActionMask = 2147483647;
			files = (
				2A76D3BB1901C0B60027E2A0 /* InfoPlist.strings in Resources */,
				2A76D3C91901C0B60027E2A0 /* Images.xcassets in Resources */,
				2A76D3C11901C0B60027E2A0 /* Credits.rtf in Resources */,
			);
			runOnlyForDeploymentPostprocessing = 0;
		};
		2A76D3CC1901C0B60027E2A0 /* Resources */ = {
			isa = PBXResourcesBuildPhase;
			buildActionMask = 2147483647;
			files = (
				2A76D3D91901C0B60027E2A0 /* InfoPlist.strings in Resources */,
			);
			runOnlyForDeploymentPostprocessing = 0;
		};
/* End PBXResourcesBuildPhase section */

/* Begin PBXSourcesBuildPhase section */
		2A76D3A91901C0B60027E2A0 /* Sources */ = {
			isa = PBXSourcesBuildPhase;
			buildActionMask = 2147483647;
			files = (
				2A1D4ACA1914592600851246 /* GLKApplicationDelegate.m in Sources */,
				2A1D4ACD19145BF600851246 /* GLKWindowDelegate.m in Sources */,
				2A76D3E91901C72C0027E2A0 /* glkit.m in Sources */,
				2A1D4AC419143DDF00851246 /* thread.m in Sources */,
				2A1D4AD319145F9000851246 /* GLKCocoaWindow.m in Sources */,
				2A1D4AC71914566B00851246 /* GLKApplication.m in Sources */,
				2A76D3EF1906F4C30027E2A0 /* GLKView.m in Sources */,
				2A76D3F1190735700027E2A0 /* timer.m in Sources */,
				2A76D3BD1901C0B60027E2A0 /* main.m in Sources */,
			);
			runOnlyForDeploymentPostprocessing = 0;
		};
		2A76D3CA1901C0B60027E2A0 /* Sources */ = {
			isa = PBXSourcesBuildPhase;
			buildActionMask = 2147483647;
			files = (
			);
			runOnlyForDeploymentPostprocessing = 0;
		};
/* End PBXSourcesBuildPhase section */

/* Begin PBXTargetDependency section */
		2A76D3D31901C0B60027E2A0 /* PBXTargetDependency */ = {
			isa = PBXTargetDependency;
			target = 2A76D3AC1901C0B60027E2A0 /* glkit-cocoa */;
			targetProxy = 2A76D3D21901C0B60027E2A0 /* PBXContainerItemProxy */;
		};
/* End PBXTargetDependency section */

/* Begin PBXVariantGroup section */
		2A76D3B91901C0B60027E2A0 /* InfoPlist.strings */ = {
			isa = PBXVariantGroup;
			children = (
				2A76D3BA1901C0B60027E2A0 /* en */,
			);
			name = InfoPlist.strings;
			sourceTree = "<group>";
		};
		2A76D3BF1901C0B60027E2A0 /* Credits.rtf */ = {
			isa = PBXVariantGroup;
			children = (
				2A76D3C01901C0B60027E2A0 /* en */,
			);
			name = Credits.rtf;
			sourceTree = "<group>";
		};
		2A76D3D71901C0B60027E2A0 /* InfoPlist.strings */ = {
			isa = PBXVariantGroup;
			children = (
				2A76D3D81901C0B60027E2A0 /* en */,
			);
			name = InfoPlist.strings;
			sourceTree = "<group>";
		};
/* End PBXVariantGroup section */

/* Begin XCBuildConfiguration section */
		2A76D3DC1901C0B60027E2A0 /* Debug */ = {
			isa = XCBuildConfiguration;
			buildSettings = {
				ALWAYS_SEARCH_USER_PATHS = NO;
				CLANG_CXX_LANGUAGE_STANDARD = "gnu++0x";
				CLANG_CXX_LIBRARY = "libc++";
				CLANG_ENABLE_MODULES = YES;
				CLANG_ENABLE_OBJC_ARC = NO;
				CLANG_WARN_BOOL_CONVERSION = YES;
				CLANG_WARN_CONSTANT_CONVERSION = YES;
				CLANG_WARN_DIRECT_OBJC_ISA_USAGE = YES_ERROR;
				CLANG_WARN_EMPTY_BODY = YES;
				CLANG_WARN_ENUM_CONVERSION = YES;
				CLANG_WARN_INT_CONVERSION = YES;
				CLANG_WARN_OBJC_ROOT_CLASS = YES_ERROR;
				CLANG_WARN__DUPLICATE_METHOD_MATCH = YES;
				COPY_PHASE_STRIP = NO;
				GCC_C_LANGUAGE_STANDARD = gnu99;
				GCC_DYNAMIC_NO_PIC = NO;
				GCC_ENABLE_OBJC_EXCEPTIONS = YES;
				GCC_OPTIMIZATION_LEVEL = 0;
				GCC_PREPROCESSOR_DEFINITIONS = (
					"DEBUG=1",
					"$(inherited)",
				);
				GCC_SYMBOLS_PRIVATE_EXTERN = NO;
				GCC_WARN_64_TO_32_BIT_CONVERSION = YES;
				GCC_WARN_ABOUT_RETURN_TYPE = YES_ERROR;
				GCC_WARN_UNDECLARED_SELECTOR = YES;
				GCC_WARN_UNINITIALIZED_AUTOS = YES_AGGRESSIVE;
				GCC_WARN_UNUSED_FUNCTION = YES;
				GCC_WARN_UNUSED_VARIABLE = YES;
				MACOSX_DEPLOYMENT_TARGET = 10.9;
				ONLY_ACTIVE_ARCH = YES;
				SDKROOT = macosx;
			};
			name = Debug;
		};
		2A76D3DD1901C0B60027E2A0 /* Release */ = {
			isa = XCBuildConfiguration;
			buildSettings = {
				ALWAYS_SEARCH_USER_PATHS = NO;
				CLANG_CXX_LANGUAGE_STANDARD = "gnu++0x";
				CLANG_CXX_LIBRARY = "libc++";
				CLANG_ENABLE_MODULES = YES;
				CLANG_ENABLE_OBJC_ARC = NO;
				CLANG_WARN_BOOL_CONVERSION = YES;
				CLANG_WARN_CONSTANT_CONVERSION = YES;
				CLANG_WARN_DIRECT_OBJC_ISA_USAGE = YES_ERROR;
				CLANG_WARN_EMPTY_BODY = YES;
				CLANG_WARN_ENUM_CONVERSION = YES;
				CLANG_WARN_INT_CONVERSION = YES;
				CLANG_WARN_OBJC_ROOT_CLASS = YES_ERROR;
				CLANG_WARN__DUPLICATE_METHOD_MATCH = YES;
				COPY_PHASE_STRIP = YES;
				DEBUG_INFORMATION_FORMAT = "dwarf-with-dsym";
				ENABLE_NS_ASSERTIONS = NO;
				GCC_C_LANGUAGE_STANDARD = gnu99;
				GCC_ENABLE_OBJC_EXCEPTIONS = YES;
				GCC_WARN_64_TO_32_BIT_CONVERSION = YES;
				GCC_WARN_ABOUT_RETURN_TYPE = YES_ERROR;
				GCC_WARN_UNDECLARED_SELECTOR = YES;
				GCC_WARN_UNINITIALIZED_AUTOS = YES_AGGRESSIVE;
				GCC_WARN_UNUSED_FUNCTION = YES;
				GCC_WARN_UNUSED_VARIABLE = YES;
				MACOSX_DEPLOYMENT_TARGET = 10.9;
				ONLY_ACTIVE_ARCH = YES;
				SDKROOT = macosx;
			};
			name = Release;
		};
		2A76D3DF1901C0B60027E2A0 /* Debug */ = {
			isa = XCBuildConfiguration;
			buildSettings = {
				ASSETCATALOG_COMPILER_APPICON_NAME = AppIcon;
				CLANG_ENABLE_MODULES = NO;
				COMBINE_HIDPI_IMAGES = YES;
				GCC_PRECOMPILE_PREFIX_HEADER = YES;
				GCC_PREFIX_HEADER = "glkit-cocoa/glkit-cocoa-Prefix.pch";
				INFOPLIST_FILE = "glkit-cocoa/glkit-cocoa-Info.plist";
				PRODUCT_NAME = "$(TARGET_NAME)";
				WRAPPER_EXTENSION = app;
			};
			name = Debug;
		};
		2A76D3E01901C0B60027E2A0 /* Release */ = {
			isa = XCBuildConfiguration;
			buildSettings = {
				ASSETCATALOG_COMPILER_APPICON_NAME = AppIcon;
				CLANG_ENABLE_MODULES = NO;
				COMBINE_HIDPI_IMAGES = YES;
				GCC_PRECOMPILE_PREFIX_HEADER = YES;
				GCC_PREFIX_HEADER = "glkit-cocoa/glkit-cocoa-Prefix.pch";
				INFOPLIST_FILE = "glkit-cocoa/glkit-cocoa-Info.plist";
				PRODUCT_NAME = "$(TARGET_NAME)";
				WRAPPER_EXTENSION = app;
			};
			name = Release;
		};
		2A76D3E21901C0B60027E2A0 /* Debug */ = {
			isa = XCBuildConfiguration;
			buildSettings = {
				BUNDLE_LOADER = "$(BUILT_PRODUCTS_DIR)/glkit-cocoa.app/Contents/MacOS/glkit-cocoa";
				COMBINE_HIDPI_IMAGES = YES;
				FRAMEWORK_SEARCH_PATHS = (
					"$(DEVELOPER_FRAMEWORKS_DIR)",
					"$(inherited)",
				);
				GCC_PRECOMPILE_PREFIX_HEADER = YES;
				GCC_PREFIX_HEADER = "glkit-cocoa/glkit-cocoa-Prefix.pch";
				GCC_PREPROCESSOR_DEFINITIONS = (
					"DEBUG=1",
					"$(inherited)",
				);
				INFOPLIST_FILE = "glkit-cocoaTests/glkit-cocoaTests-Info.plist";
				PRODUCT_NAME = "$(TARGET_NAME)";
				TEST_HOST = "$(BUNDLE_LOADER)";
				WRAPPER_EXTENSION = xctest;
			};
			name = Debug;
		};
		2A76D3E31901C0B60027E2A0 /* Release */ = {
			isa = XCBuildConfiguration;
			buildSettings = {
				BUNDLE_LOADER = "$(BUILT_PRODUCTS_DIR)/glkit-cocoa.app/Contents/MacOS/glkit-cocoa";
				COMBINE_HIDPI_IMAGES = YES;
				FRAMEWORK_SEARCH_PATHS = (
					"$(DEVELOPER_FRAMEWORKS_DIR)",
					"$(inherited)",
				);
				GCC_PRECOMPILE_PREFIX_HEADER = YES;
				GCC_PREFIX_HEADER = "glkit-cocoa/glkit-cocoa-Prefix.pch";
				INFOPLIST_FILE = "glkit-cocoaTests/glkit-cocoaTests-Info.plist";
				PRODUCT_NAME = "$(TARGET_NAME)";
				TEST_HOST = "$(BUNDLE_LOADER)";
				WRAPPER_EXTENSION = xctest;
			};
			name = Release;
		};
/* End XCBuildConfiguration section */

/* Begin XCConfigurationList section */
		2A76D3A81901C0B60027E2A0 /* Build configuration list for PBXProject "glkit-cocoa" */ = {
			isa = XCConfigurationList;
			buildConfigurations = (
				2A76D3DC1901C0B60027E2A0 /* Debug */,
				2A76D3DD1901C0B60027E2A0 /* Release */,
			);
			defaultConfigurationIsVisible = 0;
			defaultConfigurationName = Release;
		};
		2A76D3DE1901C0B60027E2A0 /* Build configuration list for PBXNativeTarget "glkit-cocoa" */ = {
			isa = XCConfigurationList;
			buildConfigurations = (
				2A76D3DF1901C0B60027E2A0 /* Debug */,
				2A76D3E01901C0B60027E2A0 /* Release */,
			);
			defaultConfigurationIsVisible = 0;
			defaultConfigurationName = Release;
		};
		2A76D3E11901C0B60027E2A0 /* Build configuration list for PBXNativeTarget "glkit-cocoaTests" */ = {
			isa = XCConfigurationList;
			buildConfigurations = (
				2A76D3E21901C0B60027E2A0 /* Debug */,
				2A76D3E31901C0B60027E2A0 /* Release */,
			);
			defaultConfigurationIsVisible = 0;
			defaultConfigurationName = Release;
		};
/* End XCConfigurationList section */
	};
	rootObject = 2A76D3A51901C0B60027E2A0 /* Project object */;
}
